
Microsoft Visual Studio Solution File, Format Version 12.00
# Visual Studio Version 16
VisualStudioVersion = 16.0.29306.81
MinimumVisualStudioVersion = 10.0.40219.1
Project("{FAE04EC0-301F-11D3-BF4B-00C04F79EFBC}") = "A4_Sprint1", "A4_Sprint1\A4_Sprint1.csproj", "{6B65A5DD-D1E3-4CAD-B30F-92CC5067269C}"
EndProject
Global
	GlobalSection(SolutionConfigurationPlatforms) = preSolution
		Debug|Any CPU = Debug|Any CPU
		Release|Any CPU = Release|Any CPU
	EndGlobalSection
	GlobalSection(ProjectConfigurationPlatforms) = postSolution
		{6B65A5DD-D1E3-4CAD-B30F-92CC5067269C}.Debug|Any CPU.ActiveCfg = Debug|Any CPU
		{6B65A5DD-D1E3-4CAD-B30F-92CC5067269C}.Debug|Any CPU.Build.0 = Debug|Any CPU
		{6B65A5DD-D1E3-4CAD-B30F-92CC5067269C}.Release|Any CPU.ActiveCfg = Release|Any CPU
		{6B65A5DD-D1E3-4CAD-B30F-92CC5067269C}.Release|Any CPU.Build.0 = Release|Any CPU
	EndGlobalSection
	GlobalSection(SolutionProperties) = preSolution
		HideSolutionNode = FALSE
	EndGlobalSection
	GlobalSection(ExtensibilityGlobals) = postSolution
		SolutionGuid = {04F1EDD4-FAA8-48F5-96E9-1817FFC2DE71}
	EndGlobalSection
EndGlobal
